Microsoft Visual Studio Solution File, Format Version 12.00
# Visual Studio Version 17
VisualStudioVersion = 17.5.2.0
MinimumVisualStudioVersion = 10.0.40219.1
Project("{FAE04EC0-301F-11D3-BF4B-00C04F79EFBC}") = "attendance_api", "attendance_api.csproj", "{E7EF8173-B917-2AC6-1F0B-8F27BC468430}"
EndProject
Global
	GlobalSection(SolutionConfigurationPlatforms) = preSolution
		Debug|Any CPU = Debug|Any CPU
		Release|Any CPU = Release|Any CPU
	EndGlobalSection
	GlobalSection(ProjectConfigurationPlatforms) = postSolution
		{E7EF8173-B917-2AC6-1F0B-8F27BC468430}.Debug|Any CPU.ActiveCfg = Debug|Any CPU
		{E7EF8173-B917-2AC6-1F0B-8F27BC468430}.Debug|Any CPU.Build.0 = Debug|Any CPU
		{E7EF8173-B917-2AC6-1F0B-8F27BC468430}.Release|Any CPU.ActiveCfg = Release|Any CPU
		{E7EF8173-B917-2AC6-1F0B-8F27BC468430}.Release|Any CPU.Build.0 = Release|Any CPU
	EndGlobalSection
	GlobalSection(SolutionProperties) = preSolution
		HideSolutionNode = FALSE
	EndGlobalSection
	GlobalSection(ExtensibilityGlobals) = postSolution
		SolutionGuid = {B85CC06E-FFD6-4965-92A3-2EE4914CDF04}
	EndGlobalSection
EndGlobal
